
Microsoft Visual Studio Solution File, Format Version 12.00
# Visual Studio Version 17
VisualStudioVersion = 17.8.34330.188
MinimumVisualStudioVersion = 10.0.40219.1
Project("{FAE04EC0-301F-11D3-BF4B-00C04F79EFBC}") = "BotMassiveDel", "BotMassiveDel.csproj", "{DC8C2ABC-C159-4186-8B02-B95580E00996}"
EndProject
Project("{FAE04EC0-301F-11D3-BF4B-00C04F79EFBC}") = "Infrastructure.TelegramBot", "..\Infrastructure.TelegramBot\Infrastructure.TelegramBot.csproj", "{D1E63071-ADC7-4851-A210-C33BC8F58736}"
EndProject
Global
	GlobalSection(SolutionConfigurationPlatforms) = preSolution
		Debug|Any CPU = Debug|Any CPU
		Release|Any CPU = Release|Any CPU
	EndGlobalSection
	GlobalSection(ProjectConfigurationPlatforms) = postSolution
		{DC8C2ABC-C159-4186-8B02-B95580E00996}.Debug|Any CPU.ActiveCfg = Debug|Any CPU
		{DC8C2ABC-C159-4186-8B02-B95580E00996}.Debug|Any CPU.Build.0 = Debug|Any CPU
		{DC8C2ABC-C159-4186-8B02-B95580E00996}.Release|Any CPU.ActiveCfg = Release|Any CPU
		{DC8C2ABC-C159-4186-8B02-B95580E00996}.Release|Any CPU.Build.0 = Release|Any CPU
		{D1E63071-ADC7-4851-A210-C33BC8F58736}.Debug|Any CPU.ActiveCfg = Debug|Any CPU
		{D1E63071-ADC7-4851-A210-C33BC8F58736}.Debug|Any CPU.Build.0 = Debug|Any CPU
		{D1E63071-ADC7-4851-A210-C33BC8F58736}.Release|Any CPU.ActiveCfg = Release|Any CPU
		{D1E63071-ADC7-4851-A210-C33BC8F58736}.Release|Any CPU.Build.0 = Release|Any CPU
	EndGlobalSection
	GlobalSection(SolutionProperties) = preSolution
		HideSolutionNode = FALSE
	EndGlobalSection
	GlobalSection(ExtensibilityGlobals) = postSolution
		SolutionGuid = {B79219A6-C86A-4775-945E-A7D3B38551AB}
	EndGlobalSection
EndGlobal
